
Microsoft Visual Studio Solution File, Format Version 12.00
# Visual Studio Version 17
VisualStudioVersion = 17.4.33213.308
MinimumVisualStudioVersion = 10.0.40219.1
Project("{9A19103F-16F7-4668-BE54-9A1E7A4F7556}") = "Modelo", "Modelo\Modelo.csproj", "{A9FB193F-BB13-45AA-A674-65FCFF053971}"
EndProject
Project("{9A19103F-16F7-4668-BE54-9A1E7A4F7556}") = "Datos", "Datos\Datos.csproj", "{3954B9D0-1419-4AE9-9767-AC49E8E9DC5A}"
EndProject
Project("{9A19103F-16F7-4668-BE54-9A1E7A4F7556}") = "Hotel", "Hotel\Hotel.csproj", "{A1509DE0-71FD-4C9E-B0D5-B50DFCC68EF3}"
EndProject
Global
	GlobalSection(SolutionConfigurationPlatforms) = preSolution
		Debug|Any CPU = Debug|Any CPU
		Release|Any CPU = Release|Any CPU
	EndGlobalSection
	GlobalSection(ProjectConfigurationPlatforms) = postSolution
		{A9FB193F-BB13-45AA-A674-65FCFF053971}.Debug|Any CPU.ActiveCfg = Debug|Any CPU
		{A9FB193F-BB13-45AA-A674-65FCFF053971}.Debug|Any CPU.Build.0 = Debug|Any CPU
		{A9FB193F-BB13-45AA-A674-65FCFF053971}.Release|Any CPU.ActiveCfg = Release|Any CPU
		{A9FB193F-BB13-45AA-A674-65FCFF053971}.Release|Any CPU.Build.0 = Release|Any CPU
		{3954B9D0-1419-4AE9-9767-AC49E8E9DC5A}.Debug|Any CPU.ActiveCfg = Debug|Any CPU
		{3954B9D0-1419-4AE9-9767-AC49E8E9DC5A}.Debug|Any CPU.Build.0 = Debug|Any CPU
		{3954B9D0-1419-4AE9-9767-AC49E8E9DC5A}.Release|Any CPU.ActiveCfg = Release|Any CPU
		{3954B9D0-1419-4AE9-9767-AC49E8E9DC5A}.Release|Any CPU.Build.0 = Release|Any CPU
		{A1509DE0-71FD-4C9E-B0D5-B50DFCC68EF3}.Debug|Any CPU.ActiveCfg = Debug|Any CPU
		{A1509DE0-71FD-4C9E-B0D5-B50DFCC68EF3}.Debug|Any CPU.Build.0 = Debug|Any CPU
		{A1509DE0-71FD-4C9E-B0D5-B50DFCC68EF3}.Release|Any CPU.ActiveCfg = Release|Any CPU
		{A1509DE0-71FD-4C9E-B0D5-B50DFCC68EF3}.Release|Any CPU.Build.0 = Release|Any CPU
	EndGlobalSection
	GlobalSection(SolutionProperties) = preSolution
		HideSolutionNode = FALSE
	EndGlobalSection
	GlobalSection(ExtensibilityGlobals) = postSolution
		SolutionGuid = {C2CC407D-AC8F-48EF-987C-5E7EA241D6EF}
	EndGlobalSection
EndGlobal
